// !$*UTF8*$!
{
	archiveVersion = 1;
	classes = {
	};
	objectVersion = 48;
	objects = {

/* Begin PBXBuildFile section */
		A3F0E8F21FCFB6F100608C31 /* AppDelegate.m in Sources */ = {isa = PBXBuildFile; fileRef = A3F0E8F11FCFB6F100608C31 /* AppDelegate.m */; };
		A3F0E8F51FCFB6F100608C31 /* ViewController.m in Sources */ = {isa = PBXBuildFile; fileRef = A3F0E8F41FCFB6F100608C31 /* ViewController.m */; };
		A3F0E8F81FCFB6F100608C31 /* Main.storyboard in Resources */ = {isa = PBXBuildFile; fileRef = A3F0E8F61FCFB6F100608C31 /* Main.storyboard */; };
		A3F0E8FB1FCFB6F100608C31 /* cehsi.xcdatamodeld in Sources */ = {isa = PBXBuildFile; fileRef = A3F0E8F91FCFB6F100608C31 /* cehsi.xcdatamodeld */; };
		A3F0E8FD1FCFB6F100608C31 /* Assets.xcassets in Resources */ = {isa = PBXBuildFile; fileRef = A3F0E8FC1FCFB6F100608C31 /* Assets.xcassets */; };
		A3F0E9001FCFB6F100608C31 /* LaunchScreen.storyboard in Resources */ = {isa = PBXBuildFile; fileRef = A3F0E8FE1FCFB6F100608C31 /* LaunchScreen.storyboard */; };
		A3F0E9031FCFB6F100608C31 /* main.m in Sources */ = {isa = PBXBuildFile; fileRef = A3F0E9021FCFB6F100608C31 /* main.m */; };
		A3F0E90D1FCFB6F100608C31 /* cehsiTests.m in Sources */ = {isa = PBXBuildFile; fileRef = A3F0E90C1FCFB6F100608C31 /* cehsiTests.m */; };
		A3F0E9181FCFB6F100608C31 /* cehsiUITests.m in Sources */ = {isa = PBXBuildFile; fileRef = A3F0E9171FCFB6F100608C31 /* cehsiUITests.m */; };
/* End PBXBuildFile section */

/* Begin PBXContainerItemProxy section */
		A3F0E9091FCFB6F100608C31 /* PBXContainerItemProxy */ = {
			isa = PBXContainerItemProxy;
			containerPortal = A3F0E8E51FCFB6F100608C31 /* Project object */;
			proxyType = 1;
			remoteGlobalIDString = A3F0E8EC1FCFB6F100608C31;
			remoteInfo = cehsi;
		};
		A3F0E9141FCFB6F100608C31 /* PBXContainerItemProxy */ = {
			isa = PBXContainerItemProxy;
			containerPortal = A3F0E8E51FCFB6F100608C31 /* Project object */;
			proxyType = 1;
			remoteGlobalIDString = A3F0E8EC1FCFB6F100608C31;
			remoteInfo = cehsi;
		};
/* End PBXContainerItemProxy section */

/* Begin PBXFileReference section */
		A3F0E8ED1FCFB6F100608C31 /* cehsi.app */ = {isa = PBXFileReference; explicitFileType = wrapper.application; includeInIndex = 0; path = cehsi.app; sourceTree = BUILT_PRODUCTS_DIR; };
		A3F0E8F01FCFB6F100608C31 /* AppDelegate.h */ = {isa = PBXFileReference; lastKnownFileType = sourcecode.c.h; path = AppDelegate.h; sourceTree = "<group>"; };
		A3F0E8F11FCFB6F100608C31 /* AppDelegate.m */ = {isa = PBXFileReference; lastKnownFileType = sourcecode.c.objc; path = AppDelegate.m; sourceTree = "<group>"; };
		A3F0E8F31FCFB6F100608C31 /* ViewController.h */ = {isa = PBXFileReference; lastKnownFileType = sourcecode.c.h; path = ViewController.h; sourceTree = "<group>"; };
		A3F0E8F41FCFB6F100608C31 /* ViewController.m */ = {isa = PBXFileReference; lastKnownFileType = sourcecode.c.objc; path = ViewController.m; sourceTree = "<group>"; };
		A3F0E8F71FCFB6F100608C31 /* Base */ = {isa = PBXFileReference; lastKnownFileType = file.storyboard; name = Base; path = Base.lproj/Main.storyboard; sourceTree = "<group>"; };
		A3F0E8FA1FCFB6F100608C31 /* cehsi.xcdatamodel */ = {isa = PBXFileReference; lastKnownFileType = wrapper.xcdatamodel; path = cehsi.xcdatamodel; sourceTree = "<group>"; };
		A3F0E8FC1FCFB6F100608C31 /* Assets.xcassets */ = {isa = PBXFileReference; lastKnownFileType = folder.assetcatalog; path = Assets.xcassets; sourceTree = "<group>"; };
		A3F0E8FF1FCFB6F100608C31 /* Base */ = {isa = PBXFileReference; lastKnownFileType = file.storyboard; name = Base; path = Base.lproj/LaunchScreen.storyboard; sourceTree = "<group>"; };
		A3F0E9011FCFB6F100608C31 /* Info.plist */ = {isa = PBXFileReference; lastKnownFileType = text.plist.xml; path = Info.plist; sourceTree = "<group>"; };
		A3F0E9021FCFB6F100608C31 /* main.m */ = {isa = PBXFileReference; lastKnownFileType = sourcecode.c.objc; path = main.m; sourceTree = "<group>"; };
		A3F0E9081FCFB6F100608C31 /* cehsiTests.xctest */ = {isa = PBXFileReference; explicitFileType = wrapper.cfbundle; includeInIndex = 0; path = cehsiTests.xctest; sourceTree = BUILT_PRODUCTS_DIR; };
		A3F0E90C1FCFB6F100608C31 /* cehsiTests.m */ = {isa = PBXFileReference; lastKnownFileType = sourcecode.c.objc; path = cehsiTests.m; sourceTree = "<group>"; };
		A3F0E90E1FCFB6F100608C31 /* Info.plist */ = {isa = PBXFileReference; lastKnownFileType = text.plist.xml; path = Info.plist; sourceTree = "<group>"; };
		A3F0E9131FCFB6F100608C31 /* cehsiUITests.xctest */ = {isa = PBXFileReference; explicitFileType = wrapper.cfbundle; includeInIndex = 0; path = cehsiUITests.xctest; sourceTree = BUILT_PRODUCTS_DIR; };
		A3F0E9171FCFB6F100608C31 /* cehsiUITests.m */ = {isa = PBXFileReference; lastKnownFileType = sourcecode.c.objc; path = cehsiUITests.m; sourceTree = "<group>"; };
		A3F0E9191FCFB6F100608C31 /* Info.plist */ = {isa = PBXFileReference; lastKnownFileType = text.plist.xml; path = Info.plist; sourceTree = "<group>"; };
/* End PBXFileReference section */

/* Begin PBXFrameworksBuildPhase section */
		A3F0E8EA1FCFB6F100608C31 /* Frameworks */ = {
			isa = PBXFrameworksBuildPhase;
			buildActionMask = 2147483647;
			files = (
			);
			runOnlyForDeploymentPostprocessing = 0;
		};
		A3F0E9051FCFB6F100608C31 /* Frameworks */ = {
			isa = PBXFrameworksBuildPhase;
			buildActionMask = 2147483647;
			files = (
			);
			runOnlyForDeploymentPostprocessing = 0;
		};
		A3F0E9101FCFB6F100608C31 /* Frameworks */ = {
			isa = PBXFrameworksBuildPhase;
			buildActionMask = 2147483647;
			files = (
			);
			runOnlyForDeploymentPostprocessing = 0;
		};
/* End PBXFrameworksBuildPhase section */

/* Begin PBXGroup section */
		A3F0E8E41FCFB6F100608C31 = {
			isa = PBXGroup;
			children = (
				A3F0E8EF1FCFB6F100608C31 /* cehsi */,
				A3F0E90B1FCFB6F100608C31 /* cehsiTests */,
				A3F0E9161FCFB6F100608C31 /* cehsiUITests */,
				A3F0E8EE1FCFB6F100608C31 /* Products */,
			);
			sourceTree = "<group>";
		};
		A3F0E8EE1FCFB6F100608C31 /* Products */ = {
			isa = PBXGroup;
			children = (
				A3F0E8ED1FCFB6F100608C31 /* cehsi.app */,
				A3F0E9081FCFB6F100608C31 /* cehsiTests.xctest */,
				A3F0E9131FCFB6F100608C31 /* cehsiUITests.xctest */,
			);
			name = Products;
			sourceTree = "<group>";
		};
		A3F0E8EF1FCFB6F100608C31 /* cehsi */ = {
			isa = PBXGroup;
			children = (
				A3F0E8F01FCFB6F100608C31 /* AppDelegate.h */,
				A3F0E8F11FCFB6F100608C31 /* AppDelegate.m */,
				A3F0E8F31FCFB6F100608C31 /* ViewController.h */,
				A3F0E8F41FCFB6F100608C31 /* ViewController.m */,
				A3F0E8F61FCFB6F100608C31 /* Main.storyboard */,
				A3F0E8FC1FCFB6F100608C31 /* Assets.xcassets */,
				A3F0E8FE1FCFB6F100608C31 /* LaunchScreen.storyboard */,
				A3F0E9011FCFB6F100608C31 /* Info.plist */,
				A3F0E9021FCFB6F100608C31 /* main.m */,
				A3F0E8F91FCFB6F100608C31 /* cehsi.xcdatamodeld */,
			);
			path = cehsi;
			sourceTree = "<group>";
		};
		A3F0E90B1FCFB6F100608C31 /* cehsiTests */ = {
			isa = PBXGroup;
			children = (
				A3F0E90C1FCFB6F100608C31 /* cehsiTests.m */,
				A3F0E90E1FCFB6F100608C31 /* Info.plist */,
			);
			path = cehsiTests;
			sourceTree = "<group>";
		};
		A3F0E9161FCFB6F100608C31 /* cehsiUITests */ = {
			isa = PBXGroup;
			children = (
				A3F0E9171FCFB6F100608C31 /* cehsiUITests.m */,
				A3F0E9191FCFB6F100608C31 /* Info.plist */,
			);
			path = cehsiUITests;
			sourceTree = "<group>";
		};
/* End PBXGroup section */

/* Begin PBXNativeTarget section */
		A3F0E8EC1FCFB6F100608C31 /* cehsi */ = {
			isa = PBXNativeTarget;
			buildConfigurationList = A3F0E91C1FCFB6F100608C31 /* Build configuration list for PBXNativeTarget "cehsi" */;
			buildPhases = (
				A3F0E8E91FCFB6F100608C31 /* Sources */,
				A3F0E8EA1FCFB6F100608C31 /* Frameworks */,
				A3F0E8EB1FCFB6F100608C31 /* Resources */,
			);
			buildRules = (
			);
			dependencies = (
			);
			name = cehsi;
			productName = cehsi;
			productReference = A3F0E8ED1FCFB6F100608C31 /* cehsi.app */;
			productType = "com.apple.product-type.application";
		};
		A3F0E9071FCFB6F100608C31 /* cehsiTests */ = {
			isa = PBXNativeTarget;
			buildConfigurationList = A3F0E91F1FCFB6F100608C31 /* Build configuration list for PBXNativeTarget "cehsiTests" */;
			buildPhases = (
				A3F0E9041FCFB6F100608C31 /* Sources */,
				A3F0E9051FCFB6F100608C31 /* Frameworks */,
				A3F0E9061FCFB6F100608C31 /* Resources */,
			);
			buildRules = (
			);
			dependencies = (
				A3F0E90A1FCFB6F100608C31 /* PBXTargetDependency */,
			);
			name = cehsiTests;
			productName = cehsiTests;
			productReference = A3F0E9081FCFB6F100608C31 /* cehsiTests.xctest */;
			productType = "com.apple.product-type.bundle.unit-test";
		};
		A3F0E9121FCFB6F100608C31 /* cehsiUITests */ = {
			isa = PBXNativeTarget;
			buildConfigurationList = A3F0E9221FCFB6F100608C31 /* Build configuration list for PBXNativeTarget "cehsiUITests" */;
			buildPhases = (
				A3F0E90F1FCFB6F100608C31 /* Sources */,
				A3F0E9101FCFB6F100608C31 /* Frameworks */,
				A3F0E9111FCFB6F100608C31 /* Resources */,
			);
			buildRules = (
			);
			dependencies = (
				A3F0E9151FCFB6F100608C31 /* PBXTargetDependency */,
			);
			name = cehsiUITests;
			productName = cehsiUITests;
			productReference = A3F0E9131FCFB6F100608C31 /* cehsiUITests.xctest */;
			productType = "com.apple.product-type.bundle.ui-testing";
		};
/* End PBXNativeTarget section */

/* Begin PBXProject section */
		A3F0E8E51FCFB6F100608C31 /* Project object */ = {
			isa = PBXProject;
			attributes = {
				LastUpgradeCheck = 0910;
				ORGANIZATIONNAME = ZJK;
				TargetAttributes = {
					A3F0E8EC1FCFB6F100608C31 = {
						CreatedOnToolsVersion = 9.1;
						ProvisioningStyle = Automatic;
					};
					A3F0E9071FCFB6F100608C31 = {
						CreatedOnToolsVersion = 9.1;
						ProvisioningStyle = Automatic;
						TestTargetID = A3F0E8EC1FCFB6F100608C31;
					};
					A3F0E9121FCFB6F100608C31 = {
						CreatedOnToolsVersion = 9.1;
						ProvisioningStyle = Automatic;
						TestTargetID = A3F0E8EC1FCFB6F100608C31;
					};
				};
			};
			buildConfigurationList = A3F0E8E81FCFB6F100608C31 /* Build configuration list for PBXProject "cehsi" */;
			compatibilityVersion = "Xcode 8.0";
			developmentRegion = en;
			hasScannedForEncodings = 0;
			knownRegions = (
				en,
				Base,
			);
			mainGroup = A3F0E8E41FCFB6F100608C31;
			productRefGroup = A3F0E8EE1FCFB6F100608C31 /* Products */;
			projectDirPath = "";
			projectRoot = "";
			targets = (
				A3F0E8EC1FCFB6F100608C31 /* cehsi */,
				A3F0E9071FCFB6F100608C31 /* cehsiTests */,
				A3F0E9121FCFB6F100608C31 /* cehsiUITests */,
			);
		};
/* End PBXProject section */

/* Begin PBXResourcesBuildPhase section */
		A3F0E8EB1FCFB6F100608C31 /* Resources */ = {
			isa = PBXResourcesBuildPhase;
			buildActionMask = 2147483647;
			files = (
				A3F0E9001FCFB6F100608C31 /* LaunchScreen.storyboard in Resources */,
				A3F0E8FD1FCFB6F100608C31 /* Assets.xcassets in Resources */,
				A3F0E8F81FCFB6F100608C31 /* Main.storyboard in Resources */,
			);
			runOnlyForDeploymentPostprocessing = 0;
		};
		A3F0E9061FCFB6F100608C31 /* Resources */ = {
			isa = PBXResourcesBuildPhase;
			buildActionMask = 2147483647;
			files = (
			);
			runOnlyForDeploymentPostprocessing = 0;
		};
		A3F0E9111FCFB6F100608C31 /* Resources */ = {
			isa = PBXResourcesBuildPhase;
			buildActionMask = 2147483647;
			files = (
			);
			runOnlyForDeploymentPostprocessing = 0;
		};
/* End PBXResourcesBuildPhase section */

/* Begin PBXSourcesBuildPhase section */
		A3F0E8E91FCFB6F100608C31 /* Sources */ = {
			isa = PBXSourcesBuildPhase;
			buildActionMask = 2147483647;
			files = (
				A3F0E8FB1FCFB6F100608C31 /* cehsi.xcdatamodeld in Sources */,
				A3F0E8F51FCFB6F100608C31 /* ViewController.m in Sources */,
				A3F0E9031FCFB6F100608C31 /* main.m in Sources */,
				A3F0E8F21FCFB6F100608C31 /* AppDelegate.m in Sources */,
			);
			runOnlyForDeploymentPostprocessing = 0;
		};
		A3F0E9041FCFB6F100608C31 /* Sources */ = {
			isa = PBXSourcesBuildPhase;
			buildActionMask = 2147483647;
			files = (
				A3F0E90D1FCFB6F100608C31 /* cehsiTests.m in Sources */,
			);
			runOnlyForDeploymentPostprocessing = 0;
		};
		A3F0E90F1FCFB6F100608C31 /* Sources */ = {
			isa = PBXSourcesBuildPhase;
			buildActionMask = 2147483647;
			files = (
				A3F0E9181FCFB6F100608C31 /* cehsiUITests.m in Sources */,
			);
			runOnlyForDeploymentPostprocessing = 0;
		};
/* End PBXSourcesBuildPhase section */

/* Begin PBXTargetDependency section */
		A3F0E90A1FCFB6F100608C31 /* PBXTargetDependency */ = {
			isa = PBXTargetDependency;
			target = A3F0E8EC1FCFB6F100608C31 /* cehsi */;
			targetProxy = A3F0E9091FCFB6F100608C31 /* PBXContainerItemProxy */;
		};
		A3F0E9151FCFB6F100608C31 /* PBXTargetDependency */ = {
			isa = PBXTargetDependency;
			target = A3F0E8EC1FCFB6F100608C31 /* cehsi */;
			targetProxy = A3F0E9141FCFB6F100608C31 /* PBXContainerItemProxy */;
		};
/* End PBXTargetDependency section */

/* Begin PBXVariantGroup section */
		A3F0E8F61FCFB6F100608C31 /* Main.storyboard */ = {
			isa = PBXVariantGroup;
			children = (
				A3F0E8F71FCFB6F100608C31 /* Base */,
			);
			name = Main.storyboard;
			sourceTree = "<group>";
		};
		A3F0E8FE1FCFB6F100608C31 /* LaunchScreen.storyboard */ = {
			isa = PBXVariantGroup;
			children = (
				A3F0E8FF1FCFB6F100608C31 /* Base */,
			);
			name = LaunchScreen.storyboard;
			sourceTree = "<group>";
		};
/* End PBXVariantGroup section */

/* Begin XCBuildConfiguration section */
		A3F0E91A1FCFB6F100608C31 /* Debug */ = {
			isa = XCBuildConfiguration;
			buildSettings = {
				ALWAYS_SEARCH_USER_PATHS = NO;
				CLANG_ANALYZER_NONNULL = YES;
				CLANG_ANALYZER_NUMBER_OBJECT_CONVERSION = YES_AGGRESSIVE;
				CLANG_CXX_LANGUAGE_STANDARD = "gnu++14";
				CLANG_CXX_LIBRARY = "libc++";
				CLANG_ENABLE_MODULES = YES;
				CLANG_ENABLE_OBJC_ARC = YES;
				CLANG_WARN_BLOCK_CAPTURE_AUTORELEASING = YES;
				CLANG_WARN_BOOL_CONVERSION = YES;
				CLANG_WARN_COMMA = YES;
				CLANG_WARN_CONSTANT_CONVERSION = YES;
				CLANG_WARN_DIRECT_OBJC_ISA_USAGE = YES_ERROR;
				CLANG_WARN_DOCUMENTATION_COMMENTS = YES;
				CLANG_WARN_EMPTY_BODY = YES;
				CLANG_WARN_ENUM_CONVERSION = YES;
				CLANG_WARN_INFINITE_RECURSION = YES;
				CLANG_WARN_INT_CONVERSION = YES;
				CLANG_WARN_NON_LITERAL_NULL_CONVERSION = YES;
				CLANG_WARN_OBJC_LITERAL_CONVERSION = YES;
				CLANG_WARN_OBJC_ROOT_CLASS = YES_ERROR;
				CLANG_WARN_RANGE_LOOP_ANALYSIS = YES;
				CLANG_WARN_STRICT_PROTOTYPES = YES;
				CLANG_WARN_SUSPICIOUS_MOVE = YES;
				CLANG_WARN_UNGUARDED_AVAILABILITY = YES_AGGRESSIVE;
				CLANG_WARN_UNREACHABLE_CODE = YES;
				CLANG_WARN__DUPLICATE_METHOD_MATCH = YES;
				CODE_SIGN_IDENTITY = "iPhone Developer";
				COPY_PHASE_STRIP = NO;
				DEBUG_INFORMATION_FORMAT = dwarf;
				ENABLE_STRICT_OBJC_MSGSEND = YES;
				ENABLE_TESTABILITY = YES;
				GCC_C_LANGUAGE_STANDARD = gnu11;
				GCC_DYNAMIC_NO_PIC = NO;
				GCC_NO_COMMON_BLOCKS = YES;
				GCC_OPTIMIZATION_LEVEL = 0;
				GCC_PREPROCESSOR_DEFINITIONS = (
					"DEBUG=1",
					"$(inherited)",
				);
				GCC_WARN_64_TO_32_BIT_CONVERSION = YES;
				GCC_WARN_ABOUT_RETURN_TYPE = YES_ERROR;
				GCC_WARN_UNDECLARED_SELECTOR = YES;
				GCC_WARN_UNINITIALIZED_AUTOS = YES_AGGRESSIVE;
				GCC_WARN_UNUSED_FUNCTION = YES;
				GCC_WARN_UNUSED_VARIABLE = YES;
				IPHONEOS_DEPLOYMENT_TARGET = 11.1;
				MTL_ENABLE_DEBUG_INFO = YES;
				ONLY_ACTIVE_ARCH = YES;
				SDKROOT = iphoneos;
			};
			name = Debug;
		};
		A3F0E91B1FCFB6F100608C31 /* Release */ = {
			isa = XCBuildConfiguration;
			buildSettings = {
				ALWAYS_SEARCH_USER_PATHS = NO;
				CLANG_ANALYZER_NONNULL = YES;
				CLANG_ANALYZER_NUMBER_OBJECT_CONVERSION = YES_AGGRESSIVE;
				CLANG_CXX_LANGUAGE_STANDARD = "gnu++14";
				CLANG_CXX_LIBRARY = "libc++";
				CLANG_ENABLE_MODULES = YES;
				CLANG_ENABLE_OBJC_ARC = YES;
				CLANG_WARN_BLOCK_CAPTURE_AUTORELEASING = YES;
				CLANG_WARN_BOOL_CONVERSION = YES;
				CLANG_WARN_COMMA = YES;
				CLANG_WARN_CONSTANT_CONVERSION = YES;
				CLANG_WARN_DIRECT_OBJC_ISA_USAGE = YES_ERROR;
				CLANG_WARN_DOCUMENTATION_COMMENTS = YES;
				CLANG_WARN_EMPTY_BODY = YES;
				CLANG_WARN_ENUM_CONVERSION = YES;
				CLANG_WARN_INFINITE_RECURSION = YES;
				CLANG_WARN_INT_CONVERSION = YES;
				CLANG_WARN_NON_LITERAL_NULL_CONVERSION = YES;
				CLANG_WARN_OBJC_LITERAL_CONVERSION = YES;
				CLANG_WARN_OBJC_ROOT_CLASS = YES_ERROR;
				CLANG_WARN_RANGE_LOOP_ANALYSIS = YES;
				CLANG_WARN_STRICT_PROTOTYPES = YES;
				CLANG_WARN_SUSPICIOUS_MOVE = YES;
				CLANG_WARN_UNGUARDED_AVAILABILITY = YES_AGGRESSIVE;
				CLANG_WARN_UNREACHABLE_CODE = YES;
				CLANG_WARN__DUPLICATE_METHOD_MATCH = YES;
				CODE_SIGN_IDENTITY = "iPhone Developer";
				COPY_PHASE_STRIP = NO;
				DEBUG_INFORMATION_FORMAT = "dwarf-with-dsym";
				ENABLE_NS_ASSERTIONS = NO;
				ENABLE_STRICT_OBJC_MSGSEND = YES;
				GCC_C_LANGUAGE_STANDARD = gnu11;
				GCC_NO_COMMON_BLOCKS = YES;
				GCC_WARN_64_TO_32_BIT_CONVERSION = YES;
				GCC_WARN_ABOUT_RETURN_TYPE = YES_ERROR;
				GCC_WARN_UNDECLARED_SELECTOR = YES;
				GCC_WARN_UNINITIALIZED_AUTOS = YES_AGGRESSIVE;
				GCC_WARN_UNUSED_FUNCTION = YES;
				GCC_WARN_UNUSED_VARIABLE = YES;
				IPHONEOS_DEPLOYMENT_TARGET = 11.1;
				MTL_ENABLE_DEBUG_INFO = NO;
				SDKROOT = iphoneos;
				VALIDATE_PRODUCT = YES;
			};
			name = Release;
		};
		A3F0E91D1FCFB6F100608C31 /* Debug */ = {
			isa = XCBuildConfiguration;
			buildSettings = {
				ASSETCATALOG_COMPILER_APPICON_NAME = AppIcon;
				CODE_SIGN_STYLE = Automatic;
				DEVELOPMENT_TEAM = 579F6J66YE;
				INFOPLIST_FILE = cehsi/Info.plist;
				LD_RUNPATH_SEARCH_PATHS = "$(inherited) @executable_path/Frameworks";
				PRODUCT_BUNDLE_IDENTIFIER = ZJK.cehsi;
				PRODUCT_NAME = "$(TARGET_NAME)";
				TARGETED_DEVICE_FAMILY = "1,2";
			};
			name = Debug;
		};
		A3F0E91E1FCFB6F100608C31 /* Release */ = {
			isa = XCBuildConfiguration;
			buildSettings = {
				ASSETCATALOG_COMPILER_APPICON_NAME = AppIcon;
				CODE_SIGN_STYLE = Automatic;
				DEVELOPMENT_TEAM = 579F6J66YE;
				INFOPLIST_FILE = cehsi/Info.plist;
				LD_RUNPATH_SEARCH_PATHS = "$(inherited) @executable_path/Frameworks";
				PRODUCT_BUNDLE_IDENTIFIER = ZJK.cehsi;
				PRODUCT_NAME = "$(TARGET_NAME)";
				TARGETED_DEVICE_FAMILY = "1,2";
			};
			name = Release;
		};
		A3F0E9201FCFB6F100608C31 /* Debug */ = {
			isa = XCBuildConfiguration;
			buildSettings = {
				BUNDLE_LOADER = "$(TEST_HOST)";
				CODE_SIGN_STYLE = Automatic;
				DEVELOPMENT_TEAM = 579F6J66YE;
				INFOPLIST_FILE = cehsiTests/Info.plist;
				LD_RUNPATH_SEARCH_PATHS = "$(inherited) @executable_path/Frameworks @loader_path/Frameworks";
				PRODUCT_BUNDLE_IDENTIFIER = ZJK.cehsiTests;
				PRODUCT_NAME = "$(TARGET_NAME)";
				TARGETED_DEVICE_FAMILY = "1,2";
				TEST_HOST = "$(BUILT_PRODUCTS_DIR)/cehsi.app/cehsi";
			};
			name = Debug;
		};
		A3F0E9211FCFB6F100608C31 /* Release */ = {
			isa = XCBuildConfiguration;
			buildSettings = {
				BUNDLE_LOADER = "$(TEST_HOST)";
				CODE_SIGN_STYLE = Automatic;
				DEVELOPMENT_TEAM = 579F6J66YE;
				INFOPLIST_FILE = cehsiTests/Info.plist;
				LD_RUNPATH_SEARCH_PATHS = "$(inherited) @executable_path/Frameworks @loader_path/Frameworks";
				PRODUCT_BUNDLE_IDENTIFIER = ZJK.cehsiTests;
				PRODUCT_NAME = "$(TARGET_NAME)";
				TARGETED_DEVICE_FAMILY = "1,2";
				TEST_HOST = "$(BUILT_PRODUCTS_DIR)/cehsi.app/cehsi";
			};
			name = Release;
		};
		A3F0E9231FCFB6F100608C31 /* Debug */ = {
			isa = XCBuildConfiguration;
			buildSettings = {
				CODE_SIGN_STYLE = Automatic;
				DEVELOPMENT_TEAM = 579F6J66YE;
				INFOPLIST_FILE = cehsiUITests/Info.plist;
				LD_RUNPATH_SEARCH_PATHS = "$(inherited) @executable_path/Frameworks @loader_path/Frameworks";
				PRODUCT_BUNDLE_IDENTIFIER = ZJK.cehsiUITests;
				PRODUCT_NAME = "$(TARGET_NAME)";
				TARGETED_DEVICE_FAMILY = "1,2";
				TEST_TARGET_NAME = cehsi;
			};
			name = Debug;
		};
		A3F0E9241FCFB6F100608C31 /* Release */ = {
			isa = XCBuildConfiguration;
			buildSettings = {
				CODE_SIGN_STYLE = Automatic;
				DEVELOPMENT_TEAM = 579F6J66YE;
				INFOPLIST_FILE = cehsiUITests/Info.plist;
				LD_RUNPATH_SEARCH_PATHS = "$(inherited) @executable_path/Frameworks @loader_path/Frameworks";
				PRODUCT_BUNDLE_IDENTIFIER = ZJK.cehsiUITests;
				PRODUCT_NAME = "$(TARGET_NAME)";
				TARGETED_DEVICE_FAMILY = "1,2";
				TEST_TARGET_NAME = cehsi;
			};
			name = Release;
		};
/* End XCBuildConfiguration section */

/* Begin XCConfigurationList section */
		A3F0E8E81FCFB6F100608C31 /* Build configuration list for PBXProject "cehsi" */ = {
			isa = XCConfigurationList;
			buildConfigurations = (
				A3F0E91A1FCFB6F100608C31 /* Debug */,
				A3F0E91B1FCFB6F100608C31 /* Release */,
			);
			defaultConfigurationIsVisible = 0;
			defaultConfigurationName = Release;
		};
		A3F0E91C1FCFB6F100608C31 /* Build configuration list for PBXNativeTarget "cehsi" */ = {
			isa = XCConfigurationList;
			buildConfigurations = (
				A3F0E91D1FCFB6F100608C31 /* Debug */,
				A3F0E91E1FCFB6F100608C31 /* Release */,
			);
			defaultConfigurationIsVisible = 0;
			defaultConfigurationName = Release;
		};
		A3F0E91F1FCFB6F100608C31 /* Build configuration list for PBXNativeTarget "cehsiTests" */ = {
			isa = XCConfigurationList;
			buildConfigurations = (
				A3F0E9201FCFB6F100608C31 /* Debug */,
				A3F0E9211FCFB6F100608C31 /* Release */,
			);
			defaultConfigurationIsVisible = 0;
			defaultConfigurationName = Release;
		};
		A3F0E9221FCFB6F100608C31 /* Build configuration list for PBXNativeTarget "cehsiUITests" */ = {
			isa = XCConfigurationList;
			buildConfigurations = (
				A3F0E9231FCFB6F100608C31 /* Debug */,
				A3F0E9241FCFB6F100608C31 /* Release */,
			);
			defaultConfigurationIsVisible = 0;
			defaultConfigurationName = Release;
		};
/* End XCConfigurationList section */

/* Begin XCVersionGroup section */
		A3F0E8F91FCFB6F100608C31 /* cehsi.xcdatamodeld */ = {
			isa = XCVersionGroup;
			children = (
				A3F0E8FA1FCFB6F100608C31 /* cehsi.xcdatamodel */,
			);
			currentVersion = A3F0E8FA1FCFB6F100608C31 /* cehsi.xcdatamodel */;
			path = cehsi.xcdatamodeld;
			sourceTree = "<group>";
			versionGroupType = wrapper.xcdatamodel;
		};
/* End XCVersionGroup section */
	};
	rootObject = A3F0E8E51FCFB6F100608C31 /* Project object */;
}
